
Microsoft Visual Studio Solution File, Format Version 12.00
# Visual Studio Version 17
VisualStudioVersion = 17.1.32228.430
MinimumVisualStudioVersion = 10.0.40219.1
Project("{FAE04EC0-301F-11D3-BF4B-00C04F79EFBC}") = "AssaultCubeHack", "AssaultCubeHack\AssaultCubeHack.csproj", "{48AF96E8-EE6B-406A-A488-EF7002C47715}"
EndProject
Global
	GlobalSection(SolutionConfigurationPlatforms) = preSolution
		Debug|Any CPU = Debug|Any CPU
		Release|Any CPU = Release|Any CPU
	EndGlobalSection
	GlobalSection(ProjectConfigurationPlatforms) = postSolution
		{48AF96E8-EE6B-406A-A488-EF7002C47715}.Debug|Any CPU.ActiveCfg = Debug|Any CPU
		{48AF96E8-EE6B-406A-A488-EF7002C47715}.Debug|Any CPU.Build.0 = Debug|Any CPU
		{48AF96E8-EE6B-406A-A488-EF7002C47715}.Release|Any CPU.ActiveCfg = Release|Any CPU
		{48AF96E8-EE6B-406A-A488-EF7002C47715}.Release|Any CPU.Build.0 = Release|Any CPU
	EndGlobalSection
	GlobalSection(SolutionProperties) = preSolution
		HideSolutionNode = FALSE
	EndGlobalSection
	GlobalSection(ExtensibilityGlobals) = postSolution
		SolutionGuid = {6AF07C43-11CF-4A5A-B74C-03C0FD21E1A7}
	EndGlobalSection
EndGlobal
